// !$*UTF8*$!
{
	archiveVersion = 1;
	classes = {
	};
	objectVersion = 46;
	objects = {

/* Begin PBXBuildFile section */
		E8727B3F1333C3CB004B893B /* DwarfDebugGenerator.cpp in Sources */ = {isa = PBXBuildFile; fileRef = E8727B3D1333C3CB004B893B /* DwarfDebugGenerator.cpp */; };
		E8F25DE71331794B0023A7B9 /* ColorBlock.cpp in Sources */ = {isa = PBXBuildFile; fileRef = E8F25DE31331794B0023A7B9 /* ColorBlock.cpp */; };
		E8F25DE81331794B0023A7B9 /* colors.cpp in Sources */ = {isa = PBXBuildFile; fileRef = E8F25DE51331794B0023A7B9 /* colors.cpp */; };
		E8F25DEF133179560023A7B9 /* pietc.cpp in Sources */ = {isa = PBXBuildFile; fileRef = E8F25DE9133179560023A7B9 /* pietc.cpp */; };
		E8F25DF0133179560023A7B9 /* Program.cpp in Sources */ = {isa = PBXBuildFile; fileRef = E8F25DEA133179560023A7B9 /* Program.cpp */; };
		E8F25DF1133179560023A7B9 /* ProgramImage.cpp in Sources */ = {isa = PBXBuildFile; fileRef = E8F25DEC133179560023A7B9 /* ProgramImage.cpp */; };
/* End PBXBuildFile section */

/* Begin PBXCopyFilesBuildPhase section */
		E8F25DCC1331790A0023A7B9 /* CopyFiles */ = {
			isa = PBXCopyFilesBuildPhase;
			buildActionMask = 2147483647;
			dstPath = /usr/share/man/man1/;
			dstSubfolderSpec = 0;
			files = (
			);
			runOnlyForDeploymentPostprocessing = 1;
		};
/* End PBXCopyFilesBuildPhase section */

/* Begin PBXFileReference section */
		E8727B3D1333C3CB004B893B /* DwarfDebugGenerator.cpp */ = {isa = PBXFileReference; fileEncoding = 4; lastKnownFileType = sourcecode.cpp.cpp; name = DwarfDebugGenerator.cpp; path = src/DwarfDebugGenerator.cpp; sourceTree = SOURCE_ROOT; };
		E8727B3E1333C3CB004B893B /* DwarfDebugGenerator.hpp */ = {isa = PBXFileReference; fileEncoding = 4; lastKnownFileType = sourcecode.cpp.h; name = DwarfDebugGenerator.hpp; path = src/DwarfDebugGenerator.hpp; sourceTree = SOURCE_ROOT; };
		E8F25DCE1331790A0023A7B9 /* pietc */ = {isa = PBXFileReference; explicitFileType = "compiled.mach-o.executable"; includeInIndex = 0; path = pietc; sourceTree = BUILT_PRODUCTS_DIR; };
		E8F25DE31331794B0023A7B9 /* ColorBlock.cpp */ = {isa = PBXFileReference; fileEncoding = 4; lastKnownFileType = sourcecode.cpp.cpp; name = ColorBlock.cpp; path = src/ColorBlock.cpp; sourceTree = SOURCE_ROOT; };
		E8F25DE41331794B0023A7B9 /* ColorBlock.hpp */ = {isa = PBXFileReference; fileEncoding = 4; lastKnownFileType = sourcecode.cpp.h; name = ColorBlock.hpp; path = src/ColorBlock.hpp; sourceTree = SOURCE_ROOT; };
		E8F25DE51331794B0023A7B9 /* colors.cpp */ = {isa = PBXFileReference; fileEncoding = 4; lastKnownFileType = sourcecode.cpp.cpp; name = colors.cpp; path = src/colors.cpp; sourceTree = SOURCE_ROOT; };
		E8F25DE61331794B0023A7B9 /* colors.hpp */ = {isa = PBXFileReference; fileEncoding = 4; lastKnownFileType = sourcecode.cpp.h; name = colors.hpp; path = src/colors.hpp; sourceTree = SOURCE_ROOT; };
		E8F25DE9133179560023A7B9 /* pietc.cpp */ = {isa = PBXFileReference; fileEncoding = 4; lastKnownFileType = sourcecode.cpp.cpp; name = pietc.cpp; path = src/pietc.cpp; sourceTree = SOURCE_ROOT; };
		E8F25DEA133179560023A7B9 /* Program.cpp */ = {isa = PBXFileReference; fileEncoding = 4; lastKnownFileType = sourcecode.cpp.cpp; lineEnding = 0; name = Program.cpp; path = src/Program.cpp; sourceTree = SOURCE_ROOT; xcLanguageSpecificationIdentifier = xcode.lang.cpp; };
		E8F25DEB133179560023A7B9 /* Program.hpp */ = {isa = PBXFileReference; fileEncoding = 4; lastKnownFileType = sourcecode.cpp.h; lineEnding = 0; name = Program.hpp; path = src/Program.hpp; sourceTree = SOURCE_ROOT; xcLanguageSpecificationIdentifier = xcode.lang.cpp; };
		E8F25DEC133179560023A7B9 /* ProgramImage.cpp */ = {isa = PBXFileReference; fileEncoding = 4; lastKnownFileType = sourcecode.cpp.cpp; name = ProgramImage.cpp; path = src/ProgramImage.cpp; sourceTree = SOURCE_ROOT; };
		E8F25DED133179560023A7B9 /* ProgramImage.hpp */ = {isa = PBXFileReference; fileEncoding = 4; lastKnownFileType = sourcecode.cpp.h; name = ProgramImage.hpp; path = src/ProgramImage.hpp; sourceTree = SOURCE_ROOT; };
		E8F25DEE133179560023A7B9 /* Transition.hpp */ = {isa = PBXFileReference; fileEncoding = 4; lastKnownFileType = sourcecode.cpp.h; lineEnding = 0; name = Transition.hpp; path = src/Transition.hpp; sourceTree = SOURCE_ROOT; xcLanguageSpecificationIdentifier = xcode.lang.cpp; };
		E8F25E26133179810023A7B9 /* png++.xcodeproj */ = {isa = PBXFileReference; lastKnownFileType = "wrapper.pb-project"; name = "png++.xcodeproj"; path = "src/png++/png++.xcodeproj"; sourceTree = SOURCE_ROOT; };
		E8F657511332919E00129928 /* pietRuntime.c */ = {isa = PBXFileReference; fileEncoding = 4; lastKnownFileType = sourcecode.c.c; name = pietRuntime.c; path = runtime/pietRuntime.c; sourceTree = SOURCE_ROOT; };
		E8F6575E1332942C00129928 /* Makefile */ = {isa = PBXFileReference; fileEncoding = 4; lastKnownFileType = sourcecode.make; name = Makefile; path = runtime/Makefile; sourceTree = SOURCE_ROOT; };
/* End PBXFileReference section */

/* Begin PBXFrameworksBuildPhase section */
		E8F25DCB1331790A0023A7B9 /* Frameworks */ = {
			isa = PBXFrameworksBuildPhase;
			buildActionMask = 2147483647;
			files = (
			);
			runOnlyForDeploymentPostprocessing = 0;
		};
/* End PBXFrameworksBuildPhase section */

/* Begin PBXGroup section */
		E8F25DC31331790A0023A7B9 = {
			isa = PBXGroup;
			children = (
				E8F25DD11331790A0023A7B9 /* src */,
				E8F65756133291AC00129928 /* runtime */,
				E8F25DCF1331790A0023A7B9 /* Products */,
			);
			sourceTree = "<group>";
		};
		E8F25DCF1331790A0023A7B9 /* Products */ = {
			isa = PBXGroup;
			children = (
				E8F25DCE1331790A0023A7B9 /* pietc */,
			);
			name = Products;
			sourceTree = "<group>";
		};
		E8F25DD11331790A0023A7B9 /* src */ = {
			isa = PBXGroup;
			children = (
				E8F25DEE133179560023A7B9 /* Transition.hpp */,
				E8F25DE41331794B0023A7B9 /* ColorBlock.hpp */,
				E8F25DE31331794B0023A7B9 /* ColorBlock.cpp */,
				E8F25DE61331794B0023A7B9 /* colors.hpp */,
				E8F25DE51331794B0023A7B9 /* colors.cpp */,
				E8F25DEB133179560023A7B9 /* Program.hpp */,
				E8F25DEA133179560023A7B9 /* Program.cpp */,
				E8F25DED133179560023A7B9 /* ProgramImage.hpp */,
				E8F25DEC133179560023A7B9 /* ProgramImage.cpp */,
				E8727B3E1333C3CB004B893B /* DwarfDebugGenerator.hpp */,
				E8727B3D1333C3CB004B893B /* DwarfDebugGenerator.cpp */,
				E8F25DE9133179560023A7B9 /* pietc.cpp */,
				E8F25E26133179810023A7B9 /* png++.xcodeproj */,
			);
			name = src;
			path = pietc;
			sourceTree = "<group>";
		};
		E8F25E27133179810023A7B9 /* Products */ = {
			isa = PBXGroup;
			children = (
			);
			name = Products;
			sourceTree = "<group>";
		};
		E8F65756133291AC00129928 /* runtime */ = {
			isa = PBXGroup;
			children = (
				E8F657511332919E00129928 /* pietRuntime.c */,
				E8F6575E1332942C00129928 /* Makefile */,
			);
			name = runtime;
			path = pietc;
			sourceTree = "<group>";
		};
/* End PBXGroup section */

/* Begin PBXLegacyTarget section */
		E8F65758133293AC00129928 /* pietc-runtime.bc */ = {
			isa = PBXLegacyTarget;
			buildArgumentsString = "$(ACTION)";
			buildConfigurationList = E8F65759133293AC00129928 /* Build configuration list for PBXLegacyTarget "pietc-runtime.bc" */;
			buildPhases = (
			);
			buildToolPath = /usr/bin/make;
			buildWorkingDirectory = /Users/acobb/Desktop/programs/pietc/runtime;
			dependencies = (
			);
			name = "pietc-runtime.bc";
			passBuildSettingsInEnvironment = 1;
			productName = "pietc-runtime.bc";
		};
/* End PBXLegacyTarget section */

/* Begin PBXNativeTarget section */
		E8F25DCD1331790A0023A7B9 /* pietc */ = {
			isa = PBXNativeTarget;
			buildConfigurationList = E8F25DD71331790A0023A7B9 /* Build configuration list for PBXNativeTarget "pietc" */;
			buildPhases = (
				E8F25DCA1331790A0023A7B9 /* Sources */,
				E8F25DCB1331790A0023A7B9 /* Frameworks */,
				E8F25DCC1331790A0023A7B9 /* CopyFiles */,
			);
			buildRules = (
			);
			dependencies = (
			);
			name = pietc;
			productName = pietc;
			productReference = E8F25DCE1331790A0023A7B9 /* pietc */;
			productType = "com.apple.product-type.tool";
		};
/* End PBXNativeTarget section */

/* Begin PBXProject section */
		E8F25DC51331790A0023A7B9 /* Project object */ = {
			isa = PBXProject;
			buildConfigurationList = E8F25DC81331790A0023A7B9 /* Build configuration list for PBXProject "pietc" */;
			compatibilityVersion = "Xcode 3.2";
			developmentRegion = English;
			hasScannedForEncodings = 0;
			knownRegions = (
				en,
			);
			mainGroup = E8F25DC31331790A0023A7B9;
			productRefGroup = E8F25DCF1331790A0023A7B9 /* Products */;
			projectDirPath = "";
			projectReferences = (
				{
					ProductGroup = E8F25E27133179810023A7B9 /* Products */;
					ProjectRef = E8F25E26133179810023A7B9 /* png++.xcodeproj */;
				},
			);
			projectRoot = "";
			targets = (
				E8F25DCD1331790A0023A7B9 /* pietc */,
				E8F65758133293AC00129928 /* pietc-runtime.bc */,
			);
		};
/* End PBXProject section */

/* Begin PBXSourcesBuildPhase section */
		E8F25DCA1331790A0023A7B9 /* Sources */ = {
			isa = PBXSourcesBuildPhase;
			buildActionMask = 2147483647;
			files = (
				E8F25DE71331794B0023A7B9 /* ColorBlock.cpp in Sources */,
				E8F25DE81331794B0023A7B9 /* colors.cpp in Sources */,
				E8F25DEF133179560023A7B9 /* pietc.cpp in Sources */,
				E8F25DF0133179560023A7B9 /* Program.cpp in Sources */,
				E8F25DF1133179560023A7B9 /* ProgramImage.cpp in Sources */,
				E8727B3F1333C3CB004B893B /* DwarfDebugGenerator.cpp in Sources */,
			);
			runOnlyForDeploymentPostprocessing = 0;
		};
/* End PBXSourcesBuildPhase section */

/* Begin XCBuildConfiguration section */
		E8F25DD51331790A0023A7B9 /* Debug */ = {
			isa = XCBuildConfiguration;
			buildSettings = {
				ARCHS = "$(ARCHS_STANDARD_32_64_BIT)";
				GCC_C_LANGUAGE_STANDARD = gnu99;
				GCC_OPTIMIZATION_LEVEL = 0;
				GCC_PREPROCESSOR_DEFINITIONS = DEBUG;
				GCC_SYMBOLS_PRIVATE_EXTERN = NO;
				GCC_VERSION = com.apple.compilers.llvm.clang.1_0;
				GCC_WARN_64_TO_32_BIT_CONVERSION = YES;
				GCC_WARN_ABOUT_RETURN_TYPE = YES;
				GCC_WARN_UNUSED_VARIABLE = YES;
				MACOSX_DEPLOYMENT_TARGET = 10.6;
				ONLY_ACTIVE_ARCH = YES;
				SDKROOT = macosx;
			};
			name = Debug;
		};
		E8F25DD61331790A0023A7B9 /* Release */ = {
			isa = XCBuildConfiguration;
			buildSettings = {
				ARCHS = "$(ARCHS_STANDARD_32_64_BIT)";
				GCC_C_LANGUAGE_STANDARD = gnu99;
				GCC_VERSION = com.apple.compilers.llvm.clang.1_0;
				GCC_WARN_64_TO_32_BIT_CONVERSION = YES;
				GCC_WARN_ABOUT_RETURN_TYPE = YES;
				GCC_WARN_UNUSED_VARIABLE = YES;
				MACOSX_DEPLOYMENT_TARGET = 10.6;
				SDKROOT = macosx;
			};
			name = Release;
		};
		E8F25DD81331790A0023A7B9 /* Debug */ = {
			isa = XCBuildConfiguration;
			buildSettings = {
				ALWAYS_SEARCH_USER_PATHS = NO;
				COPY_PHASE_STRIP = NO;
				GCC_DYNAMIC_NO_PIC = NO;
				GCC_ENABLE_OBJC_EXCEPTIONS = YES;
				GCC_TREAT_IMPLICIT_FUNCTION_DECLARATIONS_AS_ERRORS = YES;
				GCC_WARN_64_TO_32_BIT_CONVERSION = NO;
				GCC_WARN_ABOUT_MISSING_FIELD_INITIALIZERS = YES;
				GCC_WARN_ABOUT_MISSING_NEWLINE = YES;
				GCC_WARN_ABOUT_MISSING_PROTOTYPES = YES;
				GCC_WARN_FOUR_CHARACTER_CONSTANTS = YES;
				GCC_WARN_HIDDEN_VIRTUAL_FUNCTIONS = YES;
				GCC_WARN_INITIALIZER_NOT_FULLY_BRACKETED = YES;
				GCC_WARN_MULTIPLE_DEFINITION_TYPES_FOR_SELECTOR = YES;
				GCC_WARN_NON_VIRTUAL_DESTRUCTOR = YES;
				GCC_WARN_PEDANTIC = NO;
				GCC_WARN_SHADOW = NO;
				GCC_WARN_SIGN_COMPARE = NO;
				GCC_WARN_STRICT_SELECTOR_MATCH = YES;
				GCC_WARN_UNDECLARED_SELECTOR = YES;
				GCC_WARN_UNINITIALIZED_AUTOS = YES;
				GCC_WARN_UNKNOWN_PRAGMAS = YES;
				GCC_WARN_UNUSED_FUNCTION = YES;
				GCC_WARN_UNUSED_LABEL = YES;
				GCC_WARN_UNUSED_PARAMETER = NO;
				HEADER_SEARCH_PATHS = (
					/usr/local/include/,
					/usr/X11/include/,
				);
				LIBRARY_SEARCH_PATHS = /usr/X11/lib/;
				OTHER_CFLAGS = (
					"-DNDEBUG",
					"-D_GNU_SOURCE",
					"-D__STDC_LIMIT_MACROS",
					"-D__STDC_CONSTANT_MACROS",
				);
				OTHER_LDFLAGS = (
					"-lpng",
					"-L/usr/local/lib",
					"-lpthread",
					"-lm",
					"-lLLVMCore",
					"-lLLVMSupport",
					"-lLLVMSystem",
					"-lLLVMX86Disassembler",
					"-lLLVMX86AsmParser",
					"-lLLVMX86CodeGen",
					"-lLLVMSelectionDAG",
					"-lLLVMAsmPrinter",
					"-lLLVMMCParser",
					"-lLLVMCodeGen",
					"-lLLVMScalarOpts",
					"-lLLVMInstCombine",
					"-lLLVMTransformUtils",
					"-lLLVMipa",
					"-lLLVMAnalysis",
					"-lLLVMTarget",
					"-lLLVMX86AsmPrinter",
					"-lLLVMX86Utils",
					"-lLLVMX86Info",
					"-lLLVMMC",
					"-lLLVMCore",
					"-lLLVMSupport",
				);
				PRODUCT_NAME = "$(TARGET_NAME)";
			};
			name = Debug;
		};
		E8F25DD91331790A0023A7B9 /* Release */ = {
			isa = XCBuildConfiguration;
			buildSettings = {
				ALWAYS_SEARCH_USER_PATHS = NO;
				COPY_PHASE_STRIP = YES;
				DEBUG_INFORMATION_FORMAT = "dwarf-with-dsym";
				GCC_ENABLE_OBJC_EXCEPTIONS = YES;
				GCC_TREAT_IMPLICIT_FUNCTION_DECLARATIONS_AS_ERRORS = YES;
				GCC_WARN_64_TO_32_BIT_CONVERSION = NO;
				GCC_WARN_ABOUT_MISSING_FIELD_INITIALIZERS = YES;
				GCC_WARN_ABOUT_MISSING_NEWLINE = YES;
				GCC_WARN_ABOUT_MISSING_PROTOTYPES = YES;
				GCC_WARN_FOUR_CHARACTER_CONSTANTS = YES;
				GCC_WARN_HIDDEN_VIRTUAL_FUNCTIONS = YES;
				GCC_WARN_INITIALIZER_NOT_FULLY_BRACKETED = YES;
				GCC_WARN_MULTIPLE_DEFINITION_TYPES_FOR_SELECTOR = YES;
				GCC_WARN_NON_VIRTUAL_DESTRUCTOR = YES;
				GCC_WARN_PEDANTIC = NO;
				GCC_WARN_SHADOW = NO;
				GCC_WARN_SIGN_COMPARE = NO;
				GCC_WARN_STRICT_SELECTOR_MATCH = YES;
				GCC_WARN_UNDECLARED_SELECTOR = YES;
				GCC_WARN_UNINITIALIZED_AUTOS = YES;
				GCC_WARN_UNKNOWN_PRAGMAS = YES;
				GCC_WARN_UNUSED_FUNCTION = YES;
				GCC_WARN_UNUSED_LABEL = YES;
				GCC_WARN_UNUSED_PARAMETER = NO;
				HEADER_SEARCH_PATHS = (
					/usr/local/include/,
					/usr/X11/include/,
				);
				LIBRARY_SEARCH_PATHS = /usr/X11/lib/;
				OTHER_CFLAGS = (
					"-DNDEBUG",
					"-D_GNU_SOURCE",
					"-D__STDC_LIMIT_MACROS",
					"-D__STDC_CONSTANT_MACROS",
				);
				OTHER_LDFLAGS = (
					"-lpng",
					"-L/usr/local/lib",
					"-lpthread",
					"-lm",
					"-lLLVMCore",
					"-lLLVMSupport",
					"-lLLVMSystem",
					"-lLLVMX86Disassembler",
					"-lLLVMX86AsmParser",
					"-lLLVMX86CodeGen",
					"-lLLVMSelectionDAG",
					"-lLLVMAsmPrinter",
					"-lLLVMMCParser",
					"-lLLVMCodeGen",
					"-lLLVMScalarOpts",
					"-lLLVMInstCombine",
					"-lLLVMTransformUtils",
					"-lLLVMipa",
					"-lLLVMAnalysis",
					"-lLLVMTarget",
					"-lLLVMX86AsmPrinter",
					"-lLLVMX86Utils",
					"-lLLVMX86Info",
					"-lLLVMMC",
					"-lLLVMCore",
					"-lLLVMSupport",
				);
				PRODUCT_NAME = "$(TARGET_NAME)";
			};
			name = Release;
		};
		E8F6575A133293AC00129928 /* Debug */ = {
			isa = XCBuildConfiguration;
			buildSettings = {
				ALWAYS_SEARCH_USER_PATHS = NO;
				COPY_PHASE_STRIP = NO;
				DEBUGGING_SYMBOLS = YES;
				GCC_DYNAMIC_NO_PIC = NO;
				GCC_ENABLE_OBJC_EXCEPTIONS = YES;
				GCC_GENERATE_DEBUGGING_SYMBOLS = YES;
				GCC_OPTIMIZATION_LEVEL = 0;
				OTHER_CFLAGS = "";
				OTHER_LDFLAGS = "";
				PRODUCT_NAME = "$(TARGET_NAME)";
			};
			name = Debug;
		};
		E8F6575B133293AC00129928 /* Release */ = {
			isa = XCBuildConfiguration;
			buildSettings = {
				ALWAYS_SEARCH_USER_PATHS = NO;
				COPY_PHASE_STRIP = YES;
				DEBUG_INFORMATION_FORMAT = "dwarf-with-dsym";
				GCC_ENABLE_OBJC_EXCEPTIONS = YES;
				OTHER_CFLAGS = "";
				OTHER_LDFLAGS = "";
				PRODUCT_NAME = "$(TARGET_NAME)";
			};
			name = Release;
		};
/* End XCBuildConfiguration section */

/* Begin XCConfigurationList section */
		E8F25DC81331790A0023A7B9 /* Build configuration list for PBXProject "pietc" */ = {
			isa = XCConfigurationList;
			buildConfigurations = (
				E8F25DD51331790A0023A7B9 /* Debug */,
				E8F25DD61331790A0023A7B9 /* Release */,
			);
			defaultConfigurationIsVisible = 0;
			defaultConfigurationName = Release;
		};
		E8F25DD71331790A0023A7B9 /* Build configuration list for PBXNativeTarget "pietc" */ = {
			isa = XCConfigurationList;
			buildConfigurations = (
				E8F25DD81331790A0023A7B9 /* Debug */,
				E8F25DD91331790A0023A7B9 /* Release */,
			);
			defaultConfigurationIsVisible = 0;
			defaultConfigurationName = Release;
		};
		E8F65759133293AC00129928 /* Build configuration list for PBXLegacyTarget "pietc-runtime.bc" */ = {
			isa = XCConfigurationList;
			buildConfigurations = (
				E8F6575A133293AC00129928 /* Debug */,
				E8F6575B133293AC00129928 /* Release */,
			);
			defaultConfigurationIsVisible = 0;
			defaultConfigurationName = Release;
		};
/* End XCConfigurationList section */
	};
	rootObject = E8F25DC51331790A0023A7B9 /* Project object */;
}
